
Microsoft Visual Studio Solution File, Format Version 12.00
# Visual Studio Version 16
VisualStudioVersion = 16.0.810.7
MinimumVisualStudioVersion = 10.0.40219.1
Project("{FAE04EC0-301F-11D3-BF4B-00C04F79EFBC}") = "PhoneShop", "PhoneShop.csproj", "{6BFE8EC0-B074-4F16-9A7D-B186142CC3C3}"
EndProject
Global
	GlobalSection(SolutionConfigurationPlatforms) = preSolution
		Debug|Any CPU = Debug|Any CPU
		Release|Any CPU = Release|Any CPU
	EndGlobalSection
	GlobalSection(ProjectConfigurationPlatforms) = postSolution
		{6BFE8EC0-B074-4F16-9A7D-B186142CC3C3}.Debug|Any CPU.ActiveCfg = Debug|Any CPU
		{6BFE8EC0-B074-4F16-9A7D-B186142CC3C3}.Debug|Any CPU.Build.0 = Debug|Any CPU
		{6BFE8EC0-B074-4F16-9A7D-B186142CC3C3}.Release|Any CPU.ActiveCfg = Release|Any CPU
		{6BFE8EC0-B074-4F16-9A7D-B186142CC3C3}.Release|Any CPU.Build.0 = Release|Any CPU
	EndGlobalSection
	GlobalSection(SolutionProperties) = preSolution
		HideSolutionNode = FALSE
	EndGlobalSection
	GlobalSection(ExtensibilityGlobals) = postSolution
		SolutionGuid = {4EDFEAA6-CD6E-464E-BDE5-D67E8107D541}
	EndGlobalSection
EndGlobal
